#MicroXplorer Configuration settings - do not modify
HRTIM1.NumberSetSource1-Output_TE1=1
NVIC.ADC1_2_IRQn=true\:0\:0\:false\:false\:true\:true\:true
VP_TIM5_VS_ClockSourceINT.Mode=Internal
RCC.USART1Freq_Value=170000000
HRTIM1.InterruptRequests1-Output_TD1TD2=HRTIM_TIM_IT_CMP1
Dma.HRTIM1_A.4.EventEnable=DISABLE
ADC2.SamplingTime-1\#ChannelRegularConversion=ADC_SAMPLETIME_47CYCLES_5
PB10.Mode=Fault_Enable3
VP_TIM5_VS_ClockSourceINT.Signal=TIM5_VS_ClockSourceINT
Dma.HRTIM1_A.4.SyncEnable=DISABLE
PC12.Locked=true
TIM1.IPParameters=Prescaler,PeriodNoDither
PC12.Signal=GPIO_Output
Dma.USART1_RX.2.Instance=DMA1_Channel2
HRTIM1.CompareUnit2-Output_TA1TA2=HRTIM_COMPAREUNIT_2
PB6.GPIO_Label=LED_VD11
HRTIM1.RisingValue-Output_TC1TC2=0x050
PC5.Mode=Asynchronous
HRTIM1.NumberSetSource1-Output_TD1TD2=1
USART1.IPParameters=VirtualMode-Asynchronous,OverSampling,AutoBaudRateEnableParam,BaudRate,DataInvertParam
PB13.Signal=HRTIM1_CHC2
HRTIM1.FallingValue-Output_TB1TB2=0x050
Dma.USART1_RX.2.SyncEnable=DISABLE
PinOutPanel.RotationAngle=0
RCC.MCO1PinFreq_Value=16000000
RCC.SYSCLKSource=RCC_SYSCLKSOURCE_PLLCLK
Dma.HRTIM1_E.1.MemInc=DMA_MINC_ENABLE
HRTIM1.CompareValue2-Output_TE1=15000
Dma.ADC2.3.SyncRequestNumber=1
NVIC.HRTIM1_TIME_IRQn=true\:0\:0\:false\:false\:true\:true\:true
RCC.LPTIM1Freq_Value=170000000
HRTIM1.NumberFaultEnable-Output_TD1TD2=3
HRTIM1.DeadTimeInsertion-Output_TC1TC2=HRTIM_TIMDEADTIMEINSERTION_ENABLED
NVIC.SVCall_IRQn=true\:0\:0\:false\:false\:true\:false\:false
HRTIM1.Event_EEV1=__NULL
HRTIM1.CompareUnit3-Output_TA1TA2=HRTIM_COMPAREUNIT_3
HRTIM1.NumberResetSource1-Output_TA1TA2=1
Dma.HRTIM1_E.1.RequestParameters=Instance,Direction,PeriphInc,MemInc,PeriphDataAlignment,MemDataAlignment,Mode,Priority,SignalID,Polarity,RequestNumber,SyncSignalID,SyncPolarity,SyncEnable,EventEnable,SyncRequestNumber
NVIC.TIM5_IRQn=true\:0\:0\:false\:false\:true\:true\:true
HRTIM1.RepetitionUpdate-Output_TA1TA2=HRTIM_UPDATEONREPETITION_ENABLED
HRTIM1.RisingValue-Output_TB1TB2=0x050
RCC.I2C4Freq_Value=170000000
TIM2.IPParameters=Prescaler,PeriodNoDither
RCC.APB2TimFreq_Value=170000000
PB6.Signal=GPIO_Output
Dma.ADC1.0.Direction=DMA_PERIPH_TO_MEMORY
ADC1.Channel-2\#ChannelRegularConversion=ADC_CHANNEL_2
Dma.HRTIM1_C.6.Polarity=HAL_DMAMUX_REQ_GEN_RISING
HRTIM1.ResetOutput1_Source1-Output_TA1TA2=HRTIM_OUTPUTRESET_TIMCMP1
HRTIM1.CompareUnit3-Output_TE1=HRTIM_COMPAREUNIT_3
VP_HRTIM1_VS_hrtimMasterTimerNoOutput.Signal=HRTIM1_VS_hrtimMasterTimerNoOutput
VP_TIM2_VS_ClockSourceINT.Signal=TIM2_VS_ClockSourceINT
Dma.ADC1.0.MemDataAlignment=DMA_MDATAALIGN_WORD
Dma.USART1_RX.2.SignalID=NONE
HRTIM1.NumberResetSource1-Output_TE1=1
HRTIM1.NumberDMARequests_TE=1
VP_HRTIM1_VS_hrtimMasterTimerNoOutput.Mode=MasterTimer
RCC.USART3Freq_Value=170000000
ProjectManager.ProjectBuild=false
NVIC.UsageFault_IRQn=true\:0\:0\:false\:false\:true\:false\:false
Dma.ADC2.3.MemDataAlignment=DMA_MDATAALIGN_WORD
PA0.Locked=true
HRTIM1.NumberDMARequests_TC=1
PB3.Mode=JTAG_5_pins
HRTIM1.NumberDMARequests_TD=1
HRTIM1.NumberDMARequests_TA=1
HRTIM1.NumberDMARequests_TB=1
Dma.USART1_RX.2.SyncRequestNumber=1
RCC.ADC12Freq_Value=170000000
ProjectManager.FirmwarePackage=STM32Cube FW_G4 V1.4.0
Dma.HRTIM1_B.5.SignalID=NONE
MxDb.Version=DB.6.0.21
PB0.GPIOParameters=GPIO_Label
Dma.HRTIM1_A.4.SyncRequestNumber=1
Dma.HRTIM1_E.1.Polarity=HAL_DMAMUX_REQ_GEN_RISING
ProjectManager.BackupPrevious=false
Dma.HRTIM1_C.6.MemInc=DMA_MINC_ENABLE
Dma.HRTIM1_A.4.PeriphDataAlignment=DMA_PDATAALIGN_WORD
PB14.Mode=Output_TD1TD2
Dma.ADC1.0.PeriphInc=DMA_PINC_DISABLE
PB1.GPIO_Label=RECT_SW
HRTIM1.FallingValue-Output_TC1TC2=0x050
HRTIM1.InterruptRequests1-Output_TC1TC2=HRTIM_TIM_IT_CMP1
NVIC.TIM2_IRQn=true\:0\:0\:false\:false\:true\:true\:true
PA0.Mode=IN1-Single-Ended
Dma.HRTIM1_A.4.MemDataAlignment=DMA_MDATAALIGN_WORD
HRTIM1.CompareValue4-Output_TE1=0xFFEF
Dma.HRTIM1_E.1.SyncPolarity=HAL_DMAMUX_SYNC_NO_EVENT
PA8.Signal=HRTIM1_CHA1
RCC.PLLRCLKFreq_Value=170000000
PB6.Locked=true
NVIC.PendSV_IRQn=true\:0\:0\:false\:false\:true\:false\:false
HRTIM1.NumberFaultEnable-Output_TB1TB2=3
ProjectManager.HalAssertFull=false
VP_TIM1_VS_ClockSourceINT.Mode=Internal
PA0.Signal=ADC2_IN1
HRTIM1.DeadTimeInsertion-Output_TA1TA2=HRTIM_TIMDEADTIMEINSERTION_ENABLED
Mcu.Package=LQFP64
TIM2.Prescaler=16
PB1.Signal=GPIO_Output
ADC1.EnableInjectedConversion=DISABLE
ADC1.OversamplingMode=ENABLE
HRTIM1.Filter_FaultLine1=HRTIM_FAULTFILTER_2
HRTIM1.ResetOutput1_Source1-Output_TB1TB2=HRTIM_OUTPUTRESET_TIMCMP1
VP_SYS_VS_Systick.Signal=SYS_VS_Systick
HRTIM1.Filter_FaultLine3=HRTIM_FAULTFILTER_2
ADC2.Channel-1\#ChannelRegularConversion=ADC_CHANNEL_3
RCC.LSCOPinFreq_Value=32000
PA10.Signal=HRTIM1_CHB1
Dma.HRTIM1_E.1.PeriphInc=DMA_PINC_DISABLE
HRTIM1.NumberADCTriggerSource1=1
Dma.HRTIM1_A.4.MemInc=DMA_MINC_ENABLE
HRTIM1.NumberFaultEnable-Output_TC1TC2=3
RCC.PLLPoutputFreq_Value=170000000
RCC.APB1TimFreq_Value=170000000
Dma.USART1_RX.2.Polarity=HAL_DMAMUX_REQ_GEN_RISING
NVIC.BusFault_IRQn=true\:0\:0\:false\:false\:true\:false\:false
HRTIM1.DeadTimeInsertion-Output_TB1TB2=HRTIM_TIMDEADTIMEINSERTION_ENABLED
RCC.LPUART1Freq_Value=170000000
ADC2.Rank-2\#ChannelRegularConversion=3
Dma.ADC2.3.SignalID=NONE
PB13.Mode=Output_TC1TC2
NVIC.DMA1_Channel4_IRQn=true\:0\:0\:false\:false\:true\:false\:true
Dma.HRTIM1_B.5.PeriphDataAlignment=DMA_PDATAALIGN_WORD
NVIC.USART1_IRQn=true\:0\:0\:false\:false\:true\:true\:true
ProjectManager.CustomerFirmwarePackage=
PF1-OSC_OUT.Signal=RCC_OSC_OUT
Dma.ADC1.0.EventEnable=DISABLE
PC4.Mode=Asynchronous
HRTIM1.RisingValue-Output_TD1TD2=0x050
RCC.HSI48_VALUE=48000000
RCC.HRTIM1Freq_Value=170000000
Dma.HRTIM1_A.4.Direction=DMA_MEMORY_TO_PERIPH
Dma.HRTIM1_C.6.PeriphInc=DMA_PINC_DISABLE
NVIC.DMA1_Channel6_IRQn=true\:0\:0\:false\:false\:true\:false\:true
HRTIM1.CompareUnit1-Output_TB1TB2=HRTIM_COMPAREUNIT_1
HRTIM1.FallingValue-Output_TD1TD2=0x050
RCC.PLLQoutputFreq_Value=170000000
ProjectManager.ProjectFileName=CHARGER10kW.ioc
HRTIM1.FaultEnable_Source1-Output_TE1=HRTIM_TIMFAULTENABLE_NONE
Dma.ADC2.3.PeriphDataAlignment=DMA_PDATAALIGN_WORD
HRTIM1.CompareUnit2-Output_TC1TC2=HRTIM_COMPAREUNIT_2
Dma.ADC1.0.Instance=DMA1_Channel1
TIM5.IPParameters=PeriodNoDither,Prescaler
Mcu.PinsNb=41
HRTIM1.CompareUnit3-Output_TD1TD2=HRTIM_COMPAREUNIT_3
HRTIM1.NumberSetSource1-Output_TB1TB2=1
PC11.Locked=true
Dma.ADC1.0.SyncRequestNumber=1
Dma.HRTIM1_E.1.Direction=DMA_MEMORY_TO_PERIPH
ADC1.IPParameters=OversamplingMode,DMAContinuousRequests,ContinuousConvMode,EnableRegularConversion,Rank-2\#ChannelRegularConversion,Channel-2\#ChannelRegularConversion,SamplingTime-2\#ChannelRegularConversion,OffsetNumber-2\#ChannelRegularConversion,NbrOfConversionFlag,RightBitShift,Ratio,Rank-3\#ChannelRegularConversion,Channel-3\#ChannelRegularConversion,SamplingTime-3\#ChannelRegularConversion,OffsetNumber-3\#ChannelRegularConversion,NbrOfConversion,ExternalTrigConv,EnableInjectedConversion,master
Dma.HRTIM1_C.6.Priority=DMA_PRIORITY_LOW
HRTIM1.ResetUpdate-Output_TE1=HRTIM_TIMUPDATEONRESET_ENABLED
Dma.HRTIM1_E.1.PeriphDataAlignment=DMA_PDATAALIGN_WORD
HRTIM1.PreloadEnable-Output_TB1TB2=HRTIM_PRELOAD_ENABLED
HRTIM1.NumberInterruptRequests-Output_TA1TA2=1
Dma.HRTIM1_B.5.MemDataAlignment=DMA_MDATAALIGN_WORD
Dma.ADC2.3.Priority=DMA_PRIORITY_LOW
PC11.GPIOParameters=GPIO_Label
RCC.QSPIFreq_Value=170000000
Dma.ADC2.3.SyncEnable=DISABLE
HRTIM1.RepetitionUpdate-Output_TC1TC2=HRTIM_UPDATEONREPETITION_ENABLED
Dma.USART1_RX.2.SyncPolarity=HAL_DMAMUX_SYNC_NO_EVENT
HRTIM1.CompareUnit1-Output_TE1=HRTIM_COMPAREUNIT_1
NVIC.DMA1_Channel8_IRQn=true\:0\:0\:false\:false\:true\:false\:true
HRTIM1.EventEnableA-Output_TA1TA2=__NULL
PB11.Mode=Fault_Enable4
HRTIM1.PreloadEnable-Output_TA1TA2=HRTIM_PRELOAD_ENABLED
TIM4.IPParameters=Prescaler,PeriodNoDither
Dma.HRTIM1_D.7.MemInc=DMA_MINC_ENABLE
Dma.HRTIM1_A.4.Polarity=HAL_DMAMUX_REQ_GEN_RISING
VP_CRC_VS_CRC.Signal=CRC_VS_CRC
Dma.USART1_RX.2.Mode=DMA_CIRCULAR
Dma.ADC1.0.SignalID=NONE
ADC2.IPParameters=Rank-0\#ChannelRegularConversion,Channel-0\#ChannelRegularConversion,SamplingTime-0\#ChannelRegularConversion,OffsetNumber-0\#ChannelRegularConversion,NbrOfConversionFlag,OversamplingMode,RightBitShift,Ratio,Rank-1\#ChannelRegularConversion,Channel-1\#ChannelRegularConversion,SamplingTime-1\#ChannelRegularConversion,OffsetNumber-1\#ChannelRegularConversion,Rank-2\#ChannelRegularConversion,Channel-2\#ChannelRegularConversion,SamplingTime-2\#ChannelRegularConversion,OffsetNumber-2\#ChannelRegularConversion,NbrOfConversion,DMAContinuousRequests
Dma.ADC1.0.Priority=DMA_PRIORITY_LOW
PA9.Signal=HRTIM1_CHA2
VP_TIM1_VS_ClockSourceINT.Signal=TIM1_VS_ClockSourceINT
PB5.Locked=true
Dma.HRTIM1_A.4.SyncSignalID=NONE
HRTIM1.CompareUnit1-Output_TC1TC2=HRTIM_COMPAREUNIT_1
Dma.HRTIM1_C.6.RequestParameters=Instance,Direction,PeriphInc,MemInc,PeriphDataAlignment,MemDataAlignment,Mode,Priority,SignalID,Polarity,RequestNumber,SyncSignalID,SyncPolarity,SyncEnable,EventEnable,SyncRequestNumber
ADC2.OffsetNumber-1\#ChannelRegularConversion=ADC_OFFSET_NONE
PB10.Signal=HRTIM1_FLT3
PB14.Signal=HRTIM1_CHD1
Dma.ADC2.3.Direction=DMA_PERIPH_TO_MEMORY
Dma.ADC2.3.SyncSignalID=NONE
HRTIM1.InterruptRequests1-Output_TB1TB2=HRTIM_TIM_IT_CMP1
Mcu.Pin40=VP_TIM5_VS_ClockSourceINT
ADC2.OffsetNumber-0\#ChannelRegularConversion=ADC_OFFSET_NONE
Dma.HRTIM1_C.6.PeriphDataAlignment=DMA_PDATAALIGN_WORD
NVIC.TIM1_BRK_TIM15_IRQn=true\:0\:0\:false\:false\:true\:true\:true
Dma.HRTIM1_C.6.MemDataAlignment=DMA_MDATAALIGN_WORD
NVIC.HRTIM1_Master_IRQn=true\:0\:0\:false\:false\:true\:true\:true
ProjectManager.LastFirmware=true
Dma.USART1_RX.2.Priority=DMA_PRIORITY_LOW
ADC2.Channel-2\#ChannelRegularConversion=ADC_CHANNEL_4
NVIC.TIM3_IRQn=true\:0\:0\:false\:false\:true\:true\:true
Dma.HRTIM1_B.5.Direction=DMA_MEMORY_TO_PERIPH
RCC.ADC345Freq_Value=170000000
PA1.Mode=IN2-Single-Ended
Dma.USART1_RX.2.Direction=DMA_PERIPH_TO_MEMORY
Dma.HRTIM1_B.5.SyncRequestNumber=1
Mcu.Pin37=VP_TIM2_VS_ClockSourceINT
Mcu.Pin38=VP_TIM3_VS_ClockSourceINT
Mcu.Pin35=VP_SYS_VS_DBSignals
RCC.I2C1Freq_Value=170000000
Mcu.Pin36=VP_TIM1_VS_ClockSourceINT
VP_SYS_VS_DBSignals.Signal=SYS_VS_DBSignals
Mcu.Pin39=VP_TIM4_VS_ClockSourceINT
HRTIM1.CompareUnit1-Output_TA1TA2=HRTIM_COMPAREUNIT_1
RCC.RNGFreq_Value=170000000
Mcu.Pin30=PB5
HRTIM1.NumberInterruptRequests-Output_TB1TB2=1
Mcu.Pin33=VP_HRTIM1_VS_hrtimMasterTimerNoOutput
TIM3.IPParameters=Prescaler,PeriodNoDither
Mcu.Pin34=VP_SYS_VS_Systick
HRTIM1.CompareUnit2-Output_TB1TB2=HRTIM_COMPAREUNIT_2
Mcu.Pin31=PB6
Mcu.Pin32=VP_CRC_VS_CRC
NVIC.NonMaskableInt_IRQn=true\:0\:0\:false\:false\:true\:false\:false
HRTIM1.CompareUnit3-Output_TC1TC2=HRTIM_COMPAREUNIT_3
ADC1.DMAContinuousRequests=ENABLE
HRTIM1.InterruptRequests2-Output_TE1=HRTIM_TIM_IT_CMP4
PA13.Mode=JTAG_5_pins
ProjectManager.FreePins=false
Dma.HRTIM1_B.5.RequestNumber=1
Dma.USART1_RX.2.MemInc=DMA_MINC_ENABLE
Dma.HRTIM1_C.6.Direction=DMA_MEMORY_TO_PERIPH
Mcu.Pin26=PC11
Mcu.Pin27=PC12
Mcu.Pin24=PA14
ProjectManager.UnderRoot=true
Mcu.Pin25=PA15
ADC1.ExternalTrigConv=ADC_EXTERNALTRIG_HRTIM_TRG1
NVIC.TIM1_CC_IRQn=true\:0\:0\:false\:false\:true\:true\:true
Mcu.Pin28=PB3
PC8.Mode=Output_TE1
Mcu.Pin29=PB4
ADC2.RightBitShift=ADC_RIGHTBITSHIFT_4
Dma.HRTIM1_D.7.SyncSignalID=NONE
HRTIM1.DeadTimeInsertion-Output_TD1TD2=HRTIM_TIMDEADTIMEINSERTION_ENABLED
Mcu.Pin22=PA12
PB5.Signal=GPIO_Output
Mcu.Pin23=PA13
HRTIM1.NumberInterruptRequests-Output_TD1TD2=1
Mcu.Pin20=PA10
ADC1.master=1
Mcu.Pin21=PA11
RCC.USART1CLockSelection=RCC_USART1CLKSOURCE_SYSCLK
ADC2.NbrOfConversionFlag=1
NVIC.ForceEnableDMAVector=true
HRTIM1.InterruptRequests1-Output_TA1TA2=HRTIM_TIM_IT_CMP1
HRTIM1.FallingValue-Output_TA1TA2=0x050
NVIC.MemoryManagement_IRQn=true\:0\:0\:false\:false\:true\:false\:false
PC12.GPIO_Label=LED_VD4
ProjectManager.CompilerOptimize=6
Dma.ADC1.0.RequestNumber=1
Dma.HRTIM1_D.7.EventEnable=DISABLE
PA11.Signal=HRTIM1_CHB2
Dma.HRTIM1_B.5.Mode=DMA_CIRCULAR
NVIC.DMA2_Channel1_IRQn=true\:0\:0\:false\:false\:true\:false\:true
Dma.ADC2.3.EventEnable=DISABLE
ProjectManager.HeapSize=0x200
Mcu.Pin15=PB14
NVIC.HardFault_IRQn=true\:0\:0\:false\:false\:true\:false\:false
Mcu.Pin16=PB15
ADC2.OversamplingMode=ENABLE
Mcu.Pin13=PB12
Mcu.Pin14=PB13
Mcu.Pin19=PA9
ProjectManager.ComputerToolchain=false
Mcu.Pin17=PC8
Mcu.Pin18=PA8
VP_TIM4_VS_ClockSourceINT.Mode=Internal
Dma.HRTIM1_E.1.SignalID=NONE
NVIC.PriorityGroup=NVIC_PRIORITYGROUP_4
Mcu.Pin11=PB10
Mcu.Pin12=PB11
Mcu.Pin10=PB1
HRTIM1.NumberSetSource1-Output_TC1TC2=1
ADC1.EnableRegularConversion=ENABLE
RCC.PWRFreq_Value=170000000
PA8.Mode=Output_TA1TA2
Dma.HRTIM1_B.5.Instance=DMA1_Channel5
NVIC.DMA1_Channel1_IRQn=true\:0\:0\:false\:false\:true\:false\:true
PF0-OSC_IN.Signal=RCC_OSC_IN
Dma.HRTIM1_D.7.PeriphInc=DMA_PINC_DISABLE
HRTIM1.RepetitionUpdate-Output_TB1TB2=HRTIM_UPDATEONREPETITION_ENABLED
RCC.I2C2Freq_Value=170000000
Dma.HRTIM1_D.7.Polarity=HAL_DMAMUX_REQ_GEN_RISING
Dma.HRTIM1_A.4.SyncPolarity=HAL_DMAMUX_SYNC_NO_EVENT
HRTIM1.CompareUnit3-Output_TB1TB2=HRTIM_COMPAREUNIT_3
PB0.Signal=GPIO_Output
Dma.HRTIM1_A.4.Priority=DMA_PRIORITY_LOW
TIM1.PeriodNoDither=499
Dma.HRTIM1_E.1.Priority=DMA_PRIORITY_VERY_HIGH
HRTIM1.IPParameters=PrescalerRatio_TE,Periode_TE,NumberDMARequests_TE,HRTIMInterruptResquests1,HRTIMInterruptResquests2,HRTIMInterruptResquests3,ADCTrigger_Id1,NumberADCTriggerSource1,PreloadEnable-Output_TE1,NumberFaultEnable-Output_TE1,FaultEnable_Source1-Output_TE1,FaultEnable_Source2-Output_TE1,FaultEnable_Source3-Output_TE1,FaultLock-Output_TE1,DMARequests1-Output_TE1,CompareUnit1-Output_TE1,CompareUnit2-Output_TE1,CompareUnit3-Output_TE1,NumberSetSource1-Output_TE1,SetOutput1_Source1-Output_TE1,NumberResetSource1-Output_TE1,ResetOutput1_Source1-Output_TE1,FaultLevel1-Output_TE1,CompareValue1-Output_TE1,CompareValue2-Output_TE1,CompareValue3-Output_TE1,CompareUnit4-Output_TE1,RepetitionUpdate-Output_TE1,NumberInterruptRequests-Output_TE1,InterruptRequests1-Output_TE1,InterruptRequests2-Output_TE1,Periode_TA,PreloadEnable-Output_TA1TA2,RepetitionUpdate-Output_TA1TA2,NumberFaultEnable-Output_TA1TA2,FaultEnable_Source1-Output_TA1TA2,FaultEnable_Source2-Output_TA1TA2,FaultEnable_Source3-Output_TA1TA2,DeadTimeInsertion-Output_TA1TA2,NumberInterruptRequests-Output_TA1TA2,CompareUnit1-Output_TA1TA2,InterruptRequests1-Output_TA1TA2,CompareUnit2-Output_TA1TA2,CompareUnit3-Output_TA1TA2,NumberDMARequests_TA,DMARequests1-Output_TA1TA2,EventEnableA-Output_TA1TA2,RisingValue-Output_TA1TA2,FallingValue-Output_TA1TA2,NumberSetSource1-Output_TA1TA2,SetOutput1_Source1-Output_TA1TA2,NumberResetSource1-Output_TA1TA2,ResetOutput1_Source1-Output_TA1TA2,FaultLevel1-Output_TA1TA2,FaultLevel2-Output_TA1TA2,NumberDMARequests_TB,Periode_TB,Periode_TC,Periode_TD,PreloadEnable-Output_TB1TB2,RepetitionUpdate-Output_TB1TB2,PreloadEnable-Output_TC1TC2,RepetitionUpdate-Output_TC1TC2,NumberFaultEnable-Output_TC1TC2,NumberFaultEnable-Output_TD1TD2,RepetitionUpdate-Output_TD1TD2,PreloadEnable-Output_TD1TD2,FaultEnable_Source1-Output_TD1TD2,FaultEnable_Source2-Output_TD1TD2,FaultEnable_Source3-Output_TD1TD2,FaultEnable_Source1-Output_TC1TC2,FaultEnable_Source2-Output_TC1TC2,FaultEnable_Source3-Output_TC1TC2,NumberFaultEnable-Output_TB1TB2,FaultEnable_Source1-Output_TB1TB2,FaultEnable_Source2-Output_TB1TB2,FaultEnable_Source3-Output_TB1TB2,DeadTimeInsertion-Output_TB1TB2,DeadTimeInsertion-Output_TC1TC2,DeadTimeInsertion-Output_TD1TD2,NumberInterruptRequests-Output_TB1TB2,CompareUnit1-Output_TB1TB2,CompareUnit2-Output_TB1TB2,CompareUnit3-Output_TB1TB2,DMARequests1-Output_TB1TB2,InterruptRequests1-Output_TB1TB2,NumberInterruptRequests-Output_TC1TC2,NumberDMARequests_TC,DMARequests1-Output_TC1TC2,CompareUnit1-Output_TC1TC2,CompareUnit2-Output_TC1TC2,CompareUnit3-Output_TC1TC2,InterruptRequests1-Output_TC1TC2,NumberInterruptRequests-Output_TD1TD2,CompareUnit1-Output_TD1TD2,CompareUnit2-Output_TD1TD2,CompareUnit3-Output_TD1TD2,NumberDMARequests_TD,DMARequests1-Output_TD1TD2,InterruptRequests1-Output_TD1TD2,RisingValue-Output_TB1TB2,FallingValue-Output_TB1TB2,NumberSetSource1-Output_TB1TB2,SetOutput1_Source1-Output_TB1TB2,NumberResetSource1-Output_TB1TB2,ResetOutput1_Source1-Output_TB1TB2,FaultLevel1-Output_TB1TB2,FaultLevel2-Output_TB1TB2,RisingValue-Output_TC1TC2,FallingValue-Output_TC1TC2,NumberSetSource1-Output_TC1TC2,SetOutput1_Source1-Output_TC1TC2,NumberResetSource1-Output_TC1TC2,ResetOutput1_Source1-Output_TC1TC2,FaultLevel1-Output_TC1TC2,FaultLevel2-Output_TC1TC2,RisingValue-Output_TD1TD2,FallingValue-Output_TD1TD2,NumberSetSource1-Output_TD1TD2,SetOutput1_Source1-Output_TD1TD2,NumberResetSource1-Output_TD1TD2,ResetOutput1_Source1-Output_TD1TD2,FaultLevel1-Output_TD1TD2,FaultLevel2-Output_TD1TD2,Polarity_FaultLine1,Polarity_FaultLine3,Filter_FaultLine3,Filter_FaultLine1,Polarity_FaultLine4,Enable_FaultLine4,ORingUpdateSource_ADCTrigger1,ADCTrigger1_Source1,Event_EEV1,ResetUpdate-Output_TE1,ResetUpdate-Output_TA1TA2,CompareValue4-Output_TE1
Mcu.Family=STM32G4
HRTIM1.PreloadEnable-Output_TD1TD2=HRTIM_PRELOAD_ENABLED
ProjectManager.MainLocation=Core/Src
Dma.USART1_RX.2.EventEnable=DISABLE
ADC1.RightBitShift=ADC_RIGHTBITSHIFT_4
PA6.Mode=IN3-Single-Ended
ADC2.OffsetNumber-2\#ChannelRegularConversion=ADC_OFFSET_NONE
RCC.SAI1Freq_Value=170000000
RCC.CortexFreq_Value=170000000
Dma.ADC2.3.SyncPolarity=HAL_DMAMUX_SYNC_NO_EVENT
HRTIM1.NumberInterruptRequests-Output_TC1TC2=1
HRTIM1.DMARequests1-Output_TA1TA2=HRTIM_TIM_DMA_REP
HRTIM1.NumberInterruptRequests-Output_TE1=2
NVIC.DMA1_Channel5_IRQn=true\:0\:0\:false\:false\:true\:false\:true
ProjectManager.KeepUserCode=true
Mcu.UserName=STM32G484RETx
ADC1.ContinuousConvMode=ENABLE
ADC2.Channel-0\#ChannelRegularConversion=ADC_CHANNEL_1
Dma.ADC1.0.Polarity=HAL_DMAMUX_REQ_GEN_RISING
Dma.HRTIM1_A.4.SignalID=NONE
USART1.BaudRate=115200
Dma.HRTIM1_E.1.SyncEnable=DISABLE
Dma.HRTIM1_D.7.Instance=DMA1_Channel8
ProjectManager.functionlistsort=1-MX_GPIO_Init-GPIO-false-HAL-true,2-MX_DMA_Init-DMA-false-HAL-true,3-SystemClock_Config-RCC-false-HAL-false,4-MX_ADC1_Init-ADC1-false-HAL-true,5-MX_ADC2_Init-ADC2-false-HAL-true,6-MX_HRTIM1_Init-HRTIM1-false-HAL-true,7-MX_TIM1_Init-TIM1-false-HAL-true,8-MX_TIM2_Init-TIM2-false-HAL-true,9-MX_TIM3_Init-TIM3-false-HAL-true,10-MX_TIM4_Init-TIM4-false-HAL-true,11-MX_TIM5_Init-TIM5-false-HAL-true,12-MX_USART1_UART_Init-USART1-false-HAL-true,13-MX_CRC_Init-CRC-false-HAL-true
PA11.Mode=Output_TB1TB2
PB0.GPIO_Label=BUCK_SW
HRTIM1.CompareValue3-Output_TE1=15000
RCC.USART2Freq_Value=170000000
HRTIM1.FaultEnable_Source2-Output_TD1TD2=HRTIM_TIMFAULTENABLE_FAULT3
PB11.Signal=HRTIM1_FLT4
Dma.USART1_RX.2.SyncSignalID=NONE
HRTIM1.FaultLevel1-Output_TC1TC2=HRTIM_OUTPUTFAULTLEVEL_INACTIVE
PB15.Signal=HRTIM1_CHD2
HRTIM1.InterruptRequests1-Output_TE1=HRTIM_TIM_IT_CMP1
Dma.HRTIM1_E.1.RequestNumber=1
HRTIM1.FaultLevel1-Output_TE1=HRTIM_OUTPUTFAULTLEVEL_INACTIVE
ProjectManager.StackSize=0x400
PB5.GPIOParameters=GPIO_Label
ADC2.Ratio=ADC_OVERSAMPLING_RATIO_16
RCC.I2C3Freq_Value=170000000
Mcu.IP4=HRTIM1
Mcu.IP5=NVIC
RCC.FCLKCortexFreq_Value=170000000
Mcu.IP2=CRC
Mcu.IP3=DMA
Mcu.IP0=ADC1
Dma.ADC2.3.Polarity=HAL_DMAMUX_REQ_GEN_RISING
Mcu.IP1=ADC2
PA12.Signal=HRTIM1_FLT1
TIM1.Prescaler=16
HRTIM1.SetOutput1_Source1-Output_TA1TA2=HRTIM_OUTPUTSET_TIMPER
Mcu.UserConstants=
ADC2.DMAContinuousRequests=ENABLE
Dma.HRTIM1_A.4.RequestNumber=1
HRTIM1.CompareUnit4-Output_TE1=HRTIM_COMPAREUNIT_4
Mcu.ThirdPartyNb=0
ADC1.Channel-3\#ChannelRegularConversion=ADC_CHANNEL_3
HRTIM1.NumberFaultEnable-Output_TE1=3
RCC.HCLKFreq_Value=170000000
Mcu.IPNb=14
ProjectManager.PreviousToolchain=STM32CubeIDE
Dma.ADC2.3.PeriphInc=DMA_PINC_DISABLE
Mcu.Pin6=PA7
Mcu.Pin7=PC4
Mcu.Pin8=PC5
Mcu.Pin9=PB0
Dma.HRTIM1_A.4.Instance=DMA1_Channel4
HRTIM1.ResetOutput1_Source1-Output_TD1TD2=HRTIM_OUTPUTRESET_TIMCMP1
HRTIM1.CompareUnit2-Output_TE1=HRTIM_COMPAREUNIT_2
RCC.AHBFreq_Value=170000000
Mcu.Pin0=PF0-OSC_IN
NVIC.HRTIM1_FLT_IRQn=true\:0\:0\:false\:false\:true\:true\:true
Mcu.Pin1=PF1-OSC_OUT
Dma.HRTIM1_D.7.SyncRequestNumber=1
GPIO.groupedBy=Group By Peripherals
Mcu.Pin2=PA0
HRTIM1.ORingUpdateSource_ADCTrigger1=HRTIM_ADCTRIGGERUPDATE_TIMER_E
Mcu.Pin3=PA1
Mcu.Pin4=PA2
Mcu.Pin5=PA6
Dma.HRTIM1_D.7.SignalID=NONE
RCC.HSE_VALUE=8000000
HRTIM1.Polarity_FaultLine1=HRTIM_FAULTPOLARITY_LOW
NVIC.DebugMonitor_IRQn=true\:0\:0\:false\:false\:true\:false\:false
HRTIM1.RepetitionUpdate-Output_TD1TD2=HRTIM_UPDATEONREPETITION_ENABLED
Mcu.IP10=TIM3
PA15.Mode=JTAG_5_pins
NVIC.SysTick_IRQn=true\:0\:0\:false\:false\:true\:false\:true
Mcu.IP12=TIM5
Mcu.IP11=TIM4
HRTIM1.NumberSetSource1-Output_TA1TA2=1
NVIC.TIM1_TRG_COM_TIM17_IRQn=true\:0\:0\:false\:false\:true\:true\:true
TIM2.PeriodNoDither=499
ADC1.Rank-2\#ChannelRegularConversion=1
PB4.Mode=JTAG_5_pins
Mcu.IP13=USART1
Dma.HRTIM1_B.5.SyncPolarity=HAL_DMAMUX_SYNC_NO_EVENT
RCC.VCOInputFreq_Value=4000000
HRTIM1.RepetitionUpdate-Output_TE1=HRTIM_UPDATEONREPETITION_ENABLED
PA14.Mode=JTAG_5_pins
TIM3.Prescaler=169
HRTIM1.HRTIMInterruptResquests3=HRTIM_IT_FLT4
PC11.GPIO_Label=LED_VD5
File.Version=6
Dma.HRTIM1_D.7.Priority=DMA_PRIORITY_LOW
HRTIM1.HRTIMInterruptResquests1=HRTIM_IT_FLT1
HRTIM1.HRTIMInterruptResquests2=HRTIM_IT_FLT3
HRTIM1.FaultEnable_Source1-Output_TD1TD2=HRTIM_TIMFAULTENABLE_FAULT1
VP_SYS_VS_DBSignals.Mode=DisableDeadBatterySignals
HRTIM1.DMARequests1-Output_TB1TB2=HRTIM_TIM_DMA_REP
HRTIM1.FaultEnable_Source3-Output_TC1TC2=HRTIM_TIMFAULTENABLE_FAULT4
Dma.HRTIM1_D.7.SyncPolarity=HAL_DMAMUX_SYNC_NO_EVENT
HRTIM1.ResetOutput1_Source1-Output_TE1=HRTIM_OUTPUTRESET_TIMCMP1
Dma.HRTIM1_B.5.SyncEnable=DISABLE
HRTIM1.FaultLevel2-Output_TC1TC2=HRTIM_OUTPUTFAULTLEVEL_INACTIVE
Dma.RequestsNb=8
PB6.GPIOParameters=GPIO_Label
Dma.HRTIM1_D.7.MemDataAlignment=DMA_MDATAALIGN_WORD
PB0.Locked=true
RCC.CRSFreq_Value=48000000
ProjectManager.ProjectName=CHARGER10kW
PA6.Signal=ADC2_IN3
PB12.Mode=Output_TC1TC2
HRTIM1.CompareUnit2-Output_TD1TD2=HRTIM_COMPAREUNIT_2
PA7.Locked=true
HRTIM1.FaultEnable_Source1-Output_TB1TB2=HRTIM_TIMFAULTENABLE_FAULT1
HRTIM1.FaultEnable_Source2-Output_TC1TC2=HRTIM_TIMFAULTENABLE_FAULT3
Dma.ADC2.3.RequestNumber=1
HRTIM1.FaultEnable_Source3-Output_TD1TD2=HRTIM_TIMFAULTENABLE_FAULT4
ProjectManager.ToolChainLocation=
RCC.LSI_VALUE=32000
PA15.Signal=SYS_JTDI
ADC2.SamplingTime-0\#ChannelRegularConversion=ADC_SAMPLETIME_47CYCLES_5
Dma.HRTIM1_E.1.SyncRequestNumber=1
HRTIM1.ADCTrigger1_Source1=HRTIM_ADCTRIGGEREVENT13_TIMERE_CMP4
TIM3.PeriodNoDither=999
HRTIM1.ResetOutput1_Source1-Output_TC1TC2=HRTIM_OUTPUTRESET_TIMCMP1
HRTIM1.FaultLevel1-Output_TD1TD2=HRTIM_OUTPUTFAULTLEVEL_INACTIVE
Dma.HRTIM1_B.5.Polarity=HAL_DMAMUX_REQ_GEN_RISING
HRTIM1.CompareUnit1-Output_TD1TD2=HRTIM_COMPAREUNIT_1
Dma.HRTIM1_C.6.Mode=DMA_CIRCULAR
ADC2.SamplingTime-2\#ChannelRegularConversion=ADC_SAMPLETIME_47CYCLES_5
PB5.GPIO_Label=LED_VD10
ADC2.NbrOfConversion=3
Dma.Request2=USART1_RX
HRTIM1.Enable_FaultLine4=HRTIM_FAULTMODECTL_DISABLED
Dma.Request1=HRTIM1_E
Dma.Request4=HRTIM1_A
Dma.Request3=ADC2
PC4.Locked=true
Dma.Request6=HRTIM1_C
Dma.Request5=HRTIM1_B
Dma.Request7=HRTIM1_D
PC5.Signal=USART1_RX
Dma.HRTIM1_B.5.MemInc=DMA_MINC_ENABLE
Dma.HRTIM1_C.6.RequestNumber=1
HRTIM1.FaultEnable_Source1-Output_TC1TC2=HRTIM_TIMFAULTENABLE_FAULT1
ADC2.Rank-0\#ChannelRegularConversion=1
Dma.HRTIM1_E.1.MemDataAlignment=DMA_MDATAALIGN_WORD
PF1-OSC_OUT.Mode=HSE-External-Oscillator
Dma.Request0=ADC1
HRTIM1.PreloadEnable-Output_TC1TC2=HRTIM_PRELOAD_ENABLED
Dma.HRTIM1_B.5.RequestParameters=Instance,Direction,PeriphInc,MemInc,PeriphDataAlignment,MemDataAlignment,Mode,Priority,SignalID,Polarity,RequestNumber,SyncSignalID,SyncPolarity,SyncEnable,EventEnable,SyncRequestNumber
VP_TIM3_VS_ClockSourceINT.Mode=Internal
Dma.USART1_RX.2.MemDataAlignment=DMA_MDATAALIGN_BYTE
PB4.Signal=SYS_JTRST
Dma.HRTIM1_A.4.Mode=DMA_CIRCULAR
HRTIM1.FaultEnable_Source2-Output_TE1=HRTIM_TIMFAULTENABLE_NONE
Dma.HRTIM1_D.7.Direction=DMA_MEMORY_TO_PERIPH
HRTIM1.FaultLevel2-Output_TD1TD2=HRTIM_OUTPUTFAULTLEVEL_INACTIVE
PA2.Locked=true
Dma.HRTIM1_E.1.Mode=DMA_CIRCULAR
RCC.PLLSourceVirtual=RCC_PLLSOURCE_HSE
HRTIM1.NumberFaultEnable-Output_TA1TA2=3
RCC.I2SFreq_Value=170000000
Dma.HRTIM1_C.6.SignalID=NONE
PA7.Mode=IN4-Single-Ended
HRTIM1.FaultLevel1-Output_TA1TA2=HRTIM_OUTPUTFAULTLEVEL_INACTIVE
PA10.Mode=Output_TB1TB2
ProjectManager.NoMain=false
HRTIM1.FaultLevel2-Output_TB1TB2=HRTIM_OUTPUTFAULTLEVEL_INACTIVE
PC11.Signal=GPIO_Output
TIM4.PeriodNoDither=999
ADC1.OffsetNumber-3\#ChannelRegularConversion=ADC_OFFSET_NONE
PC8.Signal=HRTIM1_CHE1
Dma.HRTIM1_B.5.PeriphInc=DMA_PINC_DISABLE
PC4.Signal=USART1_TX
Dma.HRTIM1_C.6.EventEnable=DISABLE
RCC.EXTERNAL_CLOCK_VALUE=12288000
ProjectManager.DefaultFWLocation=true
HRTIM1.FaultEnable_Source2-Output_TA1TA2=HRTIM_TIMFAULTENABLE_FAULT3
ProjectManager.DeletePrevious=true
Dma.ADC2.3.Instance=DMA2_Channel1
Dma.HRTIM1_C.6.SyncEnable=DISABLE
Dma.HRTIM1_E.1.SyncSignalID=NONE
Dma.USART1_RX.2.PeriphInc=DMA_PINC_DISABLE
ADC1.SamplingTime-2\#ChannelRegularConversion=ADC_SAMPLETIME_47CYCLES_5
Dma.HRTIM1_D.7.RequestNumber=1
RCC.FamilyName=M
HRTIM1.PrescalerRatio_TE=HRTIM_PRESCALERRATIO_MUL16
HRTIM1.SetOutput1_Source1-Output_TB1TB2=HRTIM_OUTPUTSET_TIMPER
PC12.GPIOParameters=GPIO_Label
USART1.VirtualMode-Asynchronous=VM_ASYNC
PA13.Signal=SYS_JTMS-SWDIO
Dma.HRTIM1_C.6.SyncSignalID=NONE
Dma.ADC1.0.PeriphDataAlignment=DMA_PDATAALIGN_WORD
HRTIM1.DMARequests1-Output_TC1TC2=HRTIM_TIM_DMA_REP
PA9.Mode=Output_TA1TA2
HRTIM1.FaultEnable_Source1-Output_TA1TA2=HRTIM_TIMFAULTENABLE_FAULT1
Dma.HRTIM1_B.5.SyncSignalID=NONE
VP_TIM4_VS_ClockSourceINT.Signal=TIM4_VS_ClockSourceINT
NVIC.DMA1_Channel2_IRQn=true\:0\:0\:false\:false\:true\:false\:true
ProjectManager.TargetToolchain=STM32CubeIDE
Dma.ADC1.0.Mode=DMA_NORMAL
Dma.HRTIM1_C.6.Instance=DMA1_Channel7
HRTIM1.FaultEnable_Source2-Output_TB1TB2=HRTIM_TIMFAULTENABLE_FAULT3
USART1.DataInvertParam=ADVFEATURE_DATAINV_DISABLE
Dma.ADC1.0.SyncSignalID=NONE
Dma.USART1_RX.2.PeriphDataAlignment=DMA_PDATAALIGN_BYTE
HRTIM1.ResetUpdate-Output_TA1TA2=HRTIM_TIMUPDATEONRESET_ENABLED
HRTIM1.FaultLevel1-Output_TB1TB2=HRTIM_OUTPUTFAULTLEVEL_INACTIVE
HRTIM1.NumberResetSource1-Output_TD1TD2=1
ProjectManager.RegisterCallBack=
RCC.USBFreq_Value=170000000
ADC1.Ratio=ADC_OVERSAMPLING_RATIO_16
VP_TIM3_VS_ClockSourceINT.Signal=TIM3_VS_ClockSourceINT
TIM4.Prescaler=169
RCC.LSE_VALUE=32768
PA1.Signal=ADC1_IN2
PB1.Locked=true
PF0-OSC_IN.Mode=HSE-External-Oscillator
HRTIM1.FaultEnable_Source3-Output_TB1TB2=HRTIM_TIMFAULTENABLE_FAULT4
Dma.HRTIM1_E.1.Instance=DMA1_Channel6
Dma.HRTIM1_A.4.RequestParameters=Instance,Direction,PeriphInc,MemInc,PeriphDataAlignment,MemDataAlignment,Mode,Priority,SignalID,Polarity,RequestNumber,SyncSignalID,SyncPolarity,SyncEnable,EventEnable,SyncRequestNumber
HRTIM1.ADCTrigger_Id1=HRTIM_ADCTRIGGER_1
board=custom
HRTIM1.FaultEnable_Source3-Output_TA1TA2=HRTIM_TIMFAULTENABLE_FAULT4
RCC.VCOOutputFreq_Value=340000000
PB15.Mode=Output_TD1TD2
HRTIM1.Polarity_FaultLine3=HRTIM_FAULTPOLARITY_LOW
HRTIM1.Polarity_FaultLine4=HRTIM_FAULTPOLARITY_LOW
Dma.ADC1.0.SyncPolarity=HAL_DMAMUX_SYNC_NO_EVENT
Dma.ADC1.0.RequestParameters=Instance,Direction,PeriphInc,MemInc,PeriphDataAlignment,MemDataAlignment,Mode,Priority,SignalID,Polarity,RequestNumber,SyncSignalID,SyncPolarity,SyncEnable,EventEnable,SyncRequestNumber
HRTIM1.FaultLevel2-Output_TA1TA2=HRTIM_OUTPUTFAULTLEVEL_INACTIVE
RCC.APB2Freq_Value=170000000
RCC.UART4Freq_Value=170000000
HRTIM1.CompareValue1-Output_TE1=5000
MxCube.Version=6.2.1
VP_TIM2_VS_ClockSourceINT.Mode=Internal
Dma.HRTIM1_B.5.Priority=DMA_PRIORITY_LOW
RCC.FDCANFreq_Value=170000000
Dma.ADC2.3.Mode=DMA_CIRCULAR
VP_SYS_VS_Systick.Mode=SysTick
Dma.HRTIM1_C.6.SyncPolarity=HAL_DMAMUX_SYNC_NO_EVENT
HRTIM1.SetOutput1_Source1-Output_TD1TD2=HRTIM_OUTPUTSET_TIMPER
Dma.HRTIM1_D.7.Mode=DMA_CIRCULAR
Dma.ADC2.3.MemInc=DMA_MINC_ENABLE
RCC.UART5Freq_Value=170000000
ADC1.NbrOfConversion=2
ADC1.OffsetNumber-2\#ChannelRegularConversion=ADC_OFFSET_NONE
RCC.IPParameters=ADC12Freq_Value,ADC345Freq_Value,AHBFreq_Value,APB1Freq_Value,APB1TimFreq_Value,APB2Freq_Value,APB2TimFreq_Value,CRSFreq_Value,CortexFreq_Value,EXTERNAL_CLOCK_VALUE,FCLKCortexFreq_Value,FDCANFreq_Value,FamilyName,HCLKFreq_Value,HRTIM1Freq_Value,HSE_VALUE,HSI48_VALUE,HSI_VALUE,I2C1Freq_Value,I2C2Freq_Value,I2C3Freq_Value,I2C4Freq_Value,I2SFreq_Value,LPTIM1Freq_Value,LPUART1Freq_Value,LSCOPinFreq_Value,LSE_VALUE,LSI_VALUE,MCO1PinFreq_Value,PLLM,PLLN,PLLPoutputFreq_Value,PLLQoutputFreq_Value,PLLRCLKFreq_Value,PLLSourceVirtual,PWRFreq_Value,QSPIFreq_Value,RNGFreq_Value,SAI1Freq_Value,SYSCLKFreq_VALUE,SYSCLKSource,UART4Freq_Value,UART5Freq_Value,USART1CLockSelection,USART1Freq_Value,USART2Freq_Value,USART3Freq_Value,USBFreq_Value,VCOInputFreq_Value,VCOOutputFreq_Value
ProjectManager.AskForMigrate=true
Mcu.Name=STM32G484RETx
PA2.Signal=ADC1_IN3
Dma.HRTIM1_B.5.EventEnable=DISABLE
HRTIM1.SetOutput1_Source1-Output_TE1=HRTIM_OUTPUTSET_TIMPER
Mcu.IP8=TIM1
TIM5.PeriodNoDither=999
Mcu.IP9=TIM2
HRTIM1.NumberResetSource1-Output_TC1TC2=1
Mcu.IP6=RCC
Mcu.IP7=SYS
ProjectManager.CoupleFile=true
PB3.Signal=SYS_JTDO-SWO
RCC.SYSCLKFreq_VALUE=170000000
USART1.OverSampling=UART_OVERSAMPLING_16
PA1.Locked=true
PA12.Mode=Fault_Enable1
HRTIM1.NumberResetSource1-Output_TB1TB2=1
ADC1.SamplingTime-3\#ChannelRegularConversion=ADC_SAMPLETIME_47CYCLES_5
ADC1.Rank-3\#ChannelRegularConversion=2
KeepUserPlacement=false
TIM5.Prescaler=169
USART1.AutoBaudRateEnableParam=UART_ADVFEATURE_AUTOBAUDRATE_DISABLE
Dma.HRTIM1_D.7.SyncEnable=DISABLE
HRTIM1.FaultLock-Output_TE1=HRTIM_TIMFAULTLOCK_READWRITE
HRTIM1.DMARequests1-Output_TE1=HRTIM_TIM_DMA_REP
Dma.HRTIM1_A.4.PeriphInc=DMA_PINC_DISABLE
Dma.ADC1.0.SyncEnable=DISABLE
HRTIM1.RisingValue-Output_TA1TA2=0x050
Dma.ADC1.0.MemInc=DMA_MINC_ENABLE
PA14.Signal=SYS_JTCK-SWCLK
Dma.HRTIM1_D.7.RequestParameters=Instance,Direction,PeriphInc,MemInc,PeriphDataAlignment,MemDataAlignment,Mode,Priority,SignalID,Polarity,RequestNumber,SyncSignalID,SyncPolarity,SyncEnable,EventEnable,SyncRequestNumber
RCC.HSI_VALUE=16000000
NVIC.TIM1_UP_TIM16_IRQn=true\:0\:0\:false\:false\:true\:true\:true
ADC1.NbrOfConversionFlag=1
RCC.PLLM=RCC_PLLM_DIV2
HRTIM1.DMARequests1-Output_TD1TD2=HRTIM_TIM_DMA_REP
RCC.PLLN=85
Dma.USART1_RX.2.RequestParameters=Instance,Direction,PeriphInc,MemInc,PeriphDataAlignment,MemDataAlignment,Mode,Priority,SignalID,Polarity,RequestNumber,SyncSignalID,SyncPolarity,SyncEnable,EventEnable,SyncRequestNumber
ADC2.Rank-1\#ChannelRegularConversion=2
PA2.Mode=IN3-Single-Ended
NVIC.FPU_IRQn=true\:0\:0\:false\:false\:true\:true\:false
HRTIM1.FaultEnable_Source3-Output_TE1=HRTIM_TIMFAULTENABLE_NONE
NVIC.DMA1_Channel7_IRQn=true\:0\:0\:false\:false\:true\:false\:true
Dma.ADC2.3.RequestParameters=Instance,Direction,PeriphInc,MemInc,PeriphDataAlignment,MemDataAlignment,Mode,Priority,SignalID,Polarity,RequestNumber,SyncSignalID,SyncPolarity,SyncEnable,EventEnable,SyncRequestNumber
NVIC.TIM4_IRQn=true\:0\:0\:false\:false\:true\:true\:true
RCC.APB1Freq_Value=170000000
VP_CRC_VS_CRC.Mode=CRC_Activate
HRTIM1.SetOutput1_Source1-Output_TC1TC2=HRTIM_OUTPUTSET_TIMPER
HRTIM1.Periode_TA=28632
HRTIM1.Periode_TB=28632
Dma.HRTIM1_D.7.PeriphDataAlignment=DMA_PDATAALIGN_WORD
HRTIM1.Periode_TC=28632
ProjectManager.DeviceId=STM32G484RETx
Dma.HRTIM1_C.6.SyncRequestNumber=1
HRTIM1.Periode_TD=28632
PB12.Signal=HRTIM1_CHC1
Dma.HRTIM1_E.1.EventEnable=DISABLE
HRTIM1.Periode_TE=38857
ProjectManager.LibraryCopy=1
PB1.GPIOParameters=GPIO_Label
Dma.USART1_RX.2.RequestNumber=1
PA7.Signal=ADC2_IN4
HRTIM1.PreloadEnable-Output_TE1=HRTIM_PRELOAD_ENABLED
PA6.Locked=true
isbadioc=false
